
Microsoft Visual Studio Solution File, Format Version 12.00
# Visual Studio 2012
Project("{FAE04EC0-301F-11D3-BF4B-00C04F79EFBC}") = "get_cluster_info", "get_cluster_info\get_cluster_info.csproj", "{1E7BEF75-0C6B-4741-B95F-01C36DD978F4}"
EndProject
Global
	GlobalSection(SolutionConfigurationPlatforms) = preSolution
		Debug|Any CPU = Debug|Any CPU
		Release|Any CPU = Release|Any CPU
	EndGlobalSection
	GlobalSection(ProjectConfigurationPlatforms) = postSolution
		{1E7BEF75-0C6B-4741-B95F-01C36DD978F4}.Debug|Any CPU.ActiveCfg = Debug|Any CPU
		{1E7BEF75-0C6B-4741-B95F-01C36DD978F4}.Debug|Any CPU.Build.0 = Debug|Any CPU
		{1E7BEF75-0C6B-4741-B95F-01C36DD978F4}.Release|Any CPU.ActiveCfg = Release|Any CPU
		{1E7BEF75-0C6B-4741-B95F-01C36DD978F4}.Release|Any CPU.Build.0 = Release|Any CPU
	EndGlobalSection
	GlobalSection(SolutionProperties) = preSolution
		HideSolutionNode = FALSE
	EndGlobalSection
EndGlobal
